// !$*UTF8*$!
{
	archiveVersion = 1;
	classes = {
	};
	objectVersion = 46;
	objects = {

/* Begin PBXBuildFile section */
		5F2408F21E0C0134004AF90F /* AppDelegate.swift in Sources */ = {isa = PBXBuildFile; fileRef = 5F2408F11E0C0134004AF90F /* AppDelegate.swift */; };
		5F2408F41E0C0134004AF90F /* ViewController.swift in Sources */ = {isa = PBXBuildFile; fileRef = 5F2408F31E0C0134004AF90F /* ViewController.swift */; };
		5F2409071E0C0134004AF90F /* BeeTeeTests.swift in Sources */ = {isa = PBXBuildFile; fileRef = 5F2409061E0C0134004AF90F /* BeeTeeTests.swift */; };
		5F9F63371E0EB9300014A043 /* BeeTee.swift in Sources */ = {isa = PBXBuildFile; fileRef = 5F9F632F1E0EB9300014A043 /* BeeTee.swift */; };
		5F9F63381E0EB9300014A043 /* BeeTeeDevice.swift in Sources */ = {isa = PBXBuildFile; fileRef = 5F9F63301E0EB9300014A043 /* BeeTeeDevice.swift */; };
		5F9F63391E0EB9300014A043 /* BluetoothDeviceHandler.m in Sources */ = {isa = PBXBuildFile; fileRef = 5F9F63331E0EB9300014A043 /* BluetoothDeviceHandler.m */; };
		5F9F633A1E0EB9300014A043 /* BluetoothManagerHandler.m in Sources */ = {isa = PBXBuildFile; fileRef = 5F9F63361E0EB9300014A043 /* BluetoothManagerHandler.m */; };
		5F9F63431E0EB9AE0014A043 /* LaunchScreen.storyboard in Resources */ = {isa = PBXBuildFile; fileRef = 5F9F63411E0EB9AE0014A043 /* LaunchScreen.storyboard */; };
		5F9F63441E0EB9AE0014A043 /* Main.storyboard in Resources */ = {isa = PBXBuildFile; fileRef = 5F9F63421E0EB9AE0014A043 /* Main.storyboard */; };
		5F9F63461E0EB9BA0014A043 /* Assets.xcassets in Resources */ = {isa = PBXBuildFile; fileRef = 5F9F63451E0EB9BA0014A043 /* Assets.xcassets */; };
/* End PBXBuildFile section */

/* Begin PBXContainerItemProxy section */
		5F2409031E0C0134004AF90F /* PBXContainerItemProxy */ = {
			isa = PBXContainerItemProxy;
			containerPortal = 5F2408E61E0C0134004AF90F /* Project object */;
			proxyType = 1;
			remoteGlobalIDString = 5F2408ED1E0C0134004AF90F;
			remoteInfo = BeeTee;
		};
/* End PBXContainerItemProxy section */

/* Begin PBXFileReference section */
		5F2408EE1E0C0134004AF90F /* BeeTee.app */ = {isa = PBXFileReference; explicitFileType = wrapper.application; includeInIndex = 0; path = BeeTee.app; sourceTree = BUILT_PRODUCTS_DIR; };
		5F2408F11E0C0134004AF90F /* AppDelegate.swift */ = {isa = PBXFileReference; lastKnownFileType = sourcecode.swift; path = AppDelegate.swift; sourceTree = "<group>"; };
		5F2408F31E0C0134004AF90F /* ViewController.swift */ = {isa = PBXFileReference; lastKnownFileType = sourcecode.swift; path = ViewController.swift; sourceTree = "<group>"; };
		5F2409021E0C0134004AF90F /* BeeTeeTests.xctest */ = {isa = PBXFileReference; explicitFileType = wrapper.cfbundle; includeInIndex = 0; path = BeeTeeTests.xctest; sourceTree = BUILT_PRODUCTS_DIR; };
		5F2409061E0C0134004AF90F /* BeeTeeTests.swift */ = {isa = PBXFileReference; lastKnownFileType = sourcecode.swift; path = BeeTeeTests.swift; sourceTree = "<group>"; };
		5F2409081E0C0134004AF90F /* Info.plist */ = {isa = PBXFileReference; lastKnownFileType = text.plist.xml; path = Info.plist; sourceTree = "<group>"; };
		5F9F632E1E0EB9300014A043 /* BeeTee-Bridging-Header.h */ = {isa = PBXFileReference; fileEncoding = 4; lastKnownFileType = sourcecode.c.h; name = "BeeTee-Bridging-Header.h"; path = "BeeTee/BeeTee-Bridging-Header.h"; sourceTree = "<group>"; };
		5F9F632F1E0EB9300014A043 /* BeeTee.swift */ = {isa = PBXFileReference; fileEncoding = 4; lastKnownFileType = sourcecode.swift; name = BeeTee.swift; path = BeeTee/BeeTee.swift; sourceTree = "<group>"; };
		5F9F63301E0EB9300014A043 /* BeeTeeDevice.swift */ = {isa = PBXFileReference; fileEncoding = 4; lastKnownFileType = sourcecode.swift; name = BeeTeeDevice.swift; path = BeeTee/BeeTeeDevice.swift; sourceTree = "<group>"; };
		5F9F63311E0EB9300014A043 /* BluetoothDevice.h */ = {isa = PBXFileReference; fileEncoding = 4; lastKnownFileType = sourcecode.c.h; name = BluetoothDevice.h; path = BeeTee/BluetoothDevice.h; sourceTree = "<group>"; };
		5F9F63321E0EB9300014A043 /* BluetoothDeviceHandler.h */ = {isa = PBXFileReference; fileEncoding = 4; lastKnownFileType = sourcecode.c.h; name = BluetoothDeviceHandler.h; path = BeeTee/BluetoothDeviceHandler.h; sourceTree = "<group>"; };
		5F9F63331E0EB9300014A043 /* BluetoothDeviceHandler.m */ = {isa = PBXFileReference; fileEncoding = 4; lastKnownFileType = sourcecode.c.objc; name = BluetoothDeviceHandler.m; path = BeeTee/BluetoothDeviceHandler.m; sourceTree = "<group>"; };
		5F9F63341E0EB9300014A043 /* BluetoothManager.h */ = {isa = PBXFileReference; fileEncoding = 4; lastKnownFileType = sourcecode.c.h; name = BluetoothManager.h; path = BeeTee/BluetoothManager.h; sourceTree = "<group>"; };
		5F9F63351E0EB9300014A043 /* BluetoothManagerHandler.h */ = {isa = PBXFileReference; fileEncoding = 4; lastKnownFileType = sourcecode.c.h; name = BluetoothManagerHandler.h; path = BeeTee/BluetoothManagerHandler.h; sourceTree = "<group>"; };
		5F9F63361E0EB9300014A043 /* BluetoothManagerHandler.m */ = {isa = PBXFileReference; fileEncoding = 4; lastKnownFileType = sourcecode.c.objc; name = BluetoothManagerHandler.m; path = BeeTee/BluetoothManagerHandler.m; sourceTree = "<group>"; };
		5F9F63411E0EB9AE0014A043 /* LaunchScreen.storyboard */ = {isa = PBXFileReference; fileEncoding = 4; lastKnownFileType = file.storyboard; path = LaunchScreen.storyboard; sourceTree = "<group>"; };
		5F9F63421E0EB9AE0014A043 /* Main.storyboard */ = {isa = PBXFileReference; fileEncoding = 4; lastKnownFileType = file.storyboard; path = Main.storyboard; sourceTree = "<group>"; };
		5F9F63451E0EB9BA0014A043 /* Assets.xcassets */ = {isa = PBXFileReference; lastKnownFileType = folder.assetcatalog; path = Assets.xcassets; sourceTree = "<group>"; };
		5F9F63471E0EB9C20014A043 /* Info.plist */ = {isa = PBXFileReference; fileEncoding = 4; lastKnownFileType = text.plist.xml; path = Info.plist; sourceTree = "<group>"; };
/* End PBXFileReference section */

/* Begin PBXFrameworksBuildPhase section */
		5F2408EB1E0C0134004AF90F /* Frameworks */ = {
			isa = PBXFrameworksBuildPhase;
			buildActionMask = 2147483647;
			files = (
			);
			runOnlyForDeploymentPostprocessing = 0;
		};
		5F2408FF1E0C0134004AF90F /* Frameworks */ = {
			isa = PBXFrameworksBuildPhase;
			buildActionMask = 2147483647;
			files = (
			);
			runOnlyForDeploymentPostprocessing = 0;
		};
/* End PBXFrameworksBuildPhase section */

/* Begin PBXGroup section */
		5F2408E51E0C0134004AF90F = {
			isa = PBXGroup;
			children = (
				5F9F632D1E0EB60A0014A043 /* BeeTee */,
				5F2408F01E0C0134004AF90F /* BeeTee Demo */,
				5F2409051E0C0134004AF90F /* BeeTeeTests */,
				5F2408EF1E0C0134004AF90F /* Products */,
			);
			sourceTree = "<group>";
		};
		5F2408EF1E0C0134004AF90F /* Products */ = {
			isa = PBXGroup;
			children = (
				5F2408EE1E0C0134004AF90F /* BeeTee.app */,
				5F2409021E0C0134004AF90F /* BeeTeeTests.xctest */,
			);
			name = Products;
			sourceTree = "<group>";
		};
		5F2408F01E0C0134004AF90F /* BeeTee Demo */ = {
			isa = PBXGroup;
			children = (
				5F2408F11E0C0134004AF90F /* AppDelegate.swift */,
				5F2408F31E0C0134004AF90F /* ViewController.swift */,
				5F9F63411E0EB9AE0014A043 /* LaunchScreen.storyboard */,
				5F9F63421E0EB9AE0014A043 /* Main.storyboard */,
				5F9F63451E0EB9BA0014A043 /* Assets.xcassets */,
				5F9F63471E0EB9C20014A043 /* Info.plist */,
			);
			name = "BeeTee Demo";
			path = BeeTee;
			sourceTree = "<group>";
		};
		5F2409051E0C0134004AF90F /* BeeTeeTests */ = {
			isa = PBXGroup;
			children = (
				5F2409061E0C0134004AF90F /* BeeTeeTests.swift */,
				5F2409081E0C0134004AF90F /* Info.plist */,
			);
			path = BeeTeeTests;
			sourceTree = "<group>";
		};
		5F9F63281E0D75EC0014A043 /* Objective-C */ = {
			isa = PBXGroup;
			children = (
				5F9F632E1E0EB9300014A043 /* BeeTee-Bridging-Header.h */,
				5F9F63321E0EB9300014A043 /* BluetoothDeviceHandler.h */,
				5F9F63331E0EB9300014A043 /* BluetoothDeviceHandler.m */,
				5F9F63351E0EB9300014A043 /* BluetoothManagerHandler.h */,
				5F9F63361E0EB9300014A043 /* BluetoothManagerHandler.m */,
				5F9F63291E0D75F70014A043 /* Private Headers */,
			);
			name = "Objective-C";
			sourceTree = "<group>";
		};
		5F9F63291E0D75F70014A043 /* Private Headers */ = {
			isa = PBXGroup;
			children = (
				5F9F63311E0EB9300014A043 /* BluetoothDevice.h */,
				5F9F63341E0EB9300014A043 /* BluetoothManager.h */,
			);
			name = "Private Headers";
			sourceTree = "<group>";
		};
		5F9F632D1E0EB60A0014A043 /* BeeTee */ = {
			isa = PBXGroup;
			children = (
				5F9F632F1E0EB9300014A043 /* BeeTee.swift */,
				5F9F63301E0EB9300014A043 /* BeeTeeDevice.swift */,
				5F9F63281E0D75EC0014A043 /* Objective-C */,
			);
			name = BeeTee;
			sourceTree = "<group>";
		};
/* End PBXGroup section */

/* Begin PBXNativeTarget section */
		5F2408ED1E0C0134004AF90F /* BeeTee */ = {
			isa = PBXNativeTarget;
			buildConfigurationList = 5F24090B1E0C0134004AF90F /* Build configuration list for PBXNativeTarget "BeeTee" */;
			buildPhases = (
				5F2408EA1E0C0134004AF90F /* Sources */,
				5F2408EB1E0C0134004AF90F /* Frameworks */,
				5F2408EC1E0C0134004AF90F /* Resources */,
			);
			buildRules = (
			);
			dependencies = (
			);
			name = BeeTee;
			productName = BeeTee;
			productReference = 5F2408EE1E0C0134004AF90F /* BeeTee.app */;
			productType = "com.apple.product-type.application";
		};
		5F2409011E0C0134004AF90F /* BeeTeeTests */ = {
			isa = PBXNativeTarget;
			buildConfigurationList = 5F24090E1E0C0134004AF90F /* Build configuration list for PBXNativeTarget "BeeTeeTests" */;
			buildPhases = (
				5F2408FE1E0C0134004AF90F /* Sources */,
				5F2408FF1E0C0134004AF90F /* Frameworks */,
				5F2409001E0C0134004AF90F /* Resources */,
			);
			buildRules = (
			);
			dependencies = (
				5F2409041E0C0134004AF90F /* PBXTargetDependency */,
			);
			name = BeeTeeTests;
			productName = BeeTeeTests;
			productReference = 5F2409021E0C0134004AF90F /* BeeTeeTests.xctest */;
			productType = "com.apple.product-type.bundle.unit-test";
		};
/* End PBXNativeTarget section */

/* Begin PBXProject section */
		5F2408E61E0C0134004AF90F /* Project object */ = {
			isa = PBXProject;
			attributes = {
				LastSwiftUpdateCheck = 0820;
				LastUpgradeCheck = 0820;
				ORGANIZATIONNAME = "Michael Dorner";
				TargetAttributes = {
					5F2408ED1E0C0134004AF90F = {
						CreatedOnToolsVersion = 8.2.1;
						DevelopmentTeam = UXCKT8F5JN;
						LastSwiftMigration = 0820;
						ProvisioningStyle = Automatic;
					};
					5F2409011E0C0134004AF90F = {
						CreatedOnToolsVersion = 8.2.1;
						ProvisioningStyle = Automatic;
						TestTargetID = 5F2408ED1E0C0134004AF90F;
					};
				};
			};
			buildConfigurationList = 5F2408E91E0C0134004AF90F /* Build configuration list for PBXProject "BeeTee" */;
			compatibilityVersion = "Xcode 3.2";
			developmentRegion = English;
			hasScannedForEncodings = 0;
			knownRegions = (
				en,
				Base,
			);
			mainGroup = 5F2408E51E0C0134004AF90F;
			productRefGroup = 5F2408EF1E0C0134004AF90F /* Products */;
			projectDirPath = "";
			projectRoot = "";
			targets = (
				5F2408ED1E0C0134004AF90F /* BeeTee */,
				5F2409011E0C0134004AF90F /* BeeTeeTests */,
			);
		};
/* End PBXProject section */

/* Begin PBXResourcesBuildPhase section */
		5F2408EC1E0C0134004AF90F /* Resources */ = {
			isa = PBXResourcesBuildPhase;
			buildActionMask = 2147483647;
			files = (
				5F9F63441E0EB9AE0014A043 /* Main.storyboard in Resources */,
				5F9F63431E0EB9AE0014A043 /* LaunchScreen.storyboard in Resources */,
				5F9F63461E0EB9BA0014A043 /* Assets.xcassets in Resources */,
			);
			runOnlyForDeploymentPostprocessing = 0;
		};
		5F2409001E0C0134004AF90F /* Resources */ = {
			isa = PBXResourcesBuildPhase;
			buildActionMask = 2147483647;
			files = (
			);
			runOnlyForDeploymentPostprocessing = 0;
		};
/* End PBXResourcesBuildPhase section */

/* Begin PBXSourcesBuildPhase section */
		5F2408EA1E0C0134004AF90F /* Sources */ = {
			isa = PBXSourcesBuildPhase;
			buildActionMask = 2147483647;
			files = (
				5F9F633A1E0EB9300014A043 /* BluetoothManagerHandler.m in Sources */,
				5F9F63371E0EB9300014A043 /* BeeTee.swift in Sources */,
				5F2408F41E0C0134004AF90F /* ViewController.swift in Sources */,
				5F2408F21E0C0134004AF90F /* AppDelegate.swift in Sources */,
				5F9F63381E0EB9300014A043 /* BeeTeeDevice.swift in Sources */,
				5F9F63391E0EB9300014A043 /* BluetoothDeviceHandler.m in Sources */,
			);
			runOnlyForDeploymentPostprocessing = 0;
		};
		5F2408FE1E0C0134004AF90F /* Sources */ = {
			isa = PBXSourcesBuildPhase;
			buildActionMask = 2147483647;
			files = (
				5F2409071E0C0134004AF90F /* BeeTeeTests.swift in Sources */,
			);
			runOnlyForDeploymentPostprocessing = 0;
		};
/* End PBXSourcesBuildPhase section */

/* Begin PBXTargetDependency section */
		5F2409041E0C0134004AF90F /* PBXTargetDependency */ = {
			isa = PBXTargetDependency;
			target = 5F2408ED1E0C0134004AF90F /* BeeTee */;
			targetProxy = 5F2409031E0C0134004AF90F /* PBXContainerItemProxy */;
		};
/* End PBXTargetDependency section */

/* Begin XCBuildConfiguration section */
		5F2409091E0C0134004AF90F /* Debug */ = {
			isa = XCBuildConfiguration;
			buildSettings = {
				ALWAYS_SEARCH_USER_PATHS = NO;
				CLANG_ANALYZER_NONNULL = YES;
				CLANG_CXX_LANGUAGE_STANDARD = "gnu++0x";
				CLANG_CXX_LIBRARY = "libc++";
				CLANG_ENABLE_MODULES = YES;
				CLANG_ENABLE_OBJC_ARC = YES;
				CLANG_WARN_BOOL_CONVERSION = YES;
				CLANG_WARN_CONSTANT_CONVERSION = YES;
				CLANG_WARN_DIRECT_OBJC_ISA_USAGE = YES_ERROR;
				CLANG_WARN_DOCUMENTATION_COMMENTS = YES;
				CLANG_WARN_EMPTY_BODY = YES;
				CLANG_WARN_ENUM_CONVERSION = YES;
				CLANG_WARN_INFINITE_RECURSION = YES;
				CLANG_WARN_INT_CONVERSION = YES;
				CLANG_WARN_OBJC_ROOT_CLASS = YES_ERROR;
				CLANG_WARN_SUSPICIOUS_MOVE = YES;
				CLANG_WARN_UNREACHABLE_CODE = YES;
				CLANG_WARN__DUPLICATE_METHOD_MATCH = YES;
				"CODE_SIGN_IDENTITY[sdk=iphoneos*]" = "iPhone Developer";
				COPY_PHASE_STRIP = NO;
				DEBUG_INFORMATION_FORMAT = dwarf;
				ENABLE_STRICT_OBJC_MSGSEND = YES;
				ENABLE_TESTABILITY = YES;
				GCC_C_LANGUAGE_STANDARD = gnu99;
				GCC_DYNAMIC_NO_PIC = NO;
				GCC_NO_COMMON_BLOCKS = YES;
				GCC_OPTIMIZATION_LEVEL = 0;
				GCC_PREPROCESSOR_DEFINITIONS = (
					"DEBUG=1",
					"$(inherited)",
				);
				GCC_WARN_64_TO_32_BIT_CONVERSION = YES;
				GCC_WARN_ABOUT_RETURN_TYPE = YES_ERROR;
				GCC_WARN_UNDECLARED_SELECTOR = YES;
				GCC_WARN_UNINITIALIZED_AUTOS = YES_AGGRESSIVE;
				GCC_WARN_UNUSED_FUNCTION = YES;
				GCC_WARN_UNUSED_VARIABLE = YES;
				IPHONEOS_DEPLOYMENT_TARGET = 10.2;
				MTL_ENABLE_DEBUG_INFO = YES;
				ONLY_ACTIVE_ARCH = YES;
				SDKROOT = iphoneos;
				SWIFT_ACTIVE_COMPILATION_CONDITIONS = DEBUG;
				SWIFT_OBJC_BRIDGING_HEADER = "";
				SWIFT_OPTIMIZATION_LEVEL = "-Onone";
				TARGETED_DEVICE_FAMILY = "1,2";
			};
			name = Debug;
		};
		5F24090A1E0C0134004AF90F /* Release */ = {
			isa = XCBuildConfiguration;
			buildSettings = {
				ALWAYS_SEARCH_USER_PATHS = NO;
				CLANG_ANALYZER_NONNULL = YES;
				CLANG_CXX_LANGUAGE_STANDARD = "gnu++0x";
				CLANG_CXX_LIBRARY = "libc++";
				CLANG_ENABLE_MODULES = YES;
				CLANG_ENABLE_OBJC_ARC = YES;
				CLANG_WARN_BOOL_CONVERSION = YES;
				CLANG_WARN_CONSTANT_CONVERSION = YES;
				CLANG_WARN_DIRECT_OBJC_ISA_USAGE = YES_ERROR;
				CLANG_WARN_DOCUMENTATION_COMMENTS = YES;
				CLANG_WARN_EMPTY_BODY = YES;
				CLANG_WARN_ENUM_CONVERSION = YES;
				CLANG_WARN_INFINITE_RECURSION = YES;
				CLANG_WARN_INT_CONVERSION = YES;
				CLANG_WARN_OBJC_ROOT_CLASS = YES_ERROR;
				CLANG_WARN_SUSPICIOUS_MOVE = YES;
				CLANG_WARN_UNREACHABLE_CODE = YES;
				CLANG_WARN__DUPLICATE_METHOD_MATCH = YES;
				"CODE_SIGN_IDENTITY[sdk=iphoneos*]" = "iPhone Developer";
				COPY_PHASE_STRIP = NO;
				DEBUG_INFORMATION_FORMAT = "dwarf-with-dsym";
				ENABLE_NS_ASSERTIONS = NO;
				ENABLE_STRICT_OBJC_MSGSEND = YES;
				GCC_C_LANGUAGE_STANDARD = gnu99;
				GCC_NO_COMMON_BLOCKS = YES;
				GCC_WARN_64_TO_32_BIT_CONVERSION = YES;
				GCC_WARN_ABOUT_RETURN_TYPE = YES_ERROR;
				GCC_WARN_UNDECLARED_SELECTOR = YES;
				GCC_WARN_UNINITIALIZED_AUTOS = YES_AGGRESSIVE;
				GCC_WARN_UNUSED_FUNCTION = YES;
				GCC_WARN_UNUSED_VARIABLE = YES;
				IPHONEOS_DEPLOYMENT_TARGET = 10.2;
				MTL_ENABLE_DEBUG_INFO = NO;
				SDKROOT = iphoneos;
				SWIFT_OBJC_BRIDGING_HEADER = "";
				SWIFT_OPTIMIZATION_LEVEL = "-Owholemodule";
				TARGETED_DEVICE_FAMILY = "1,2";
				VALIDATE_PRODUCT = YES;
			};
			name = Release;
		};
		5F24090C1E0C0134004AF90F /* Debug */ = {
			isa = XCBuildConfiguration;
			buildSettings = {
				ASSETCATALOG_COMPILER_APPICON_NAME = AppIcon;
				CLANG_ENABLE_MODULES = YES;
				"CODE_SIGN_IDENTITY[sdk=iphoneos*]" = "iPhone Developer";
				DEVELOPMENT_TEAM = UXCKT8F5JN;
				INFOPLIST_FILE = BeeTee/Info.plist;
				LD_RUNPATH_SEARCH_PATHS = "$(inherited) @executable_path/Frameworks";
				OTHER_LDFLAGS = (
					"-ObjC",
					"$(inherited)",
				);
				PRODUCT_BUNDLE_IDENTIFIER = de.michaeldorner.BeeTee;
				PRODUCT_NAME = "$(TARGET_NAME)";
				SWIFT_OBJC_BRIDGING_HEADER = "BeeTee/BeeTee-Bridging-Header.h";
				SWIFT_OPTIMIZATION_LEVEL = "-Onone";
				SWIFT_VERSION = 3.0;
			};
			name = Debug;
		};
		5F24090D1E0C0134004AF90F /* Release */ = {
			isa = XCBuildConfiguration;
			buildSettings = {
				ASSETCATALOG_COMPILER_APPICON_NAME = AppIcon;
				CLANG_ENABLE_MODULES = YES;
				"CODE_SIGN_IDENTITY[sdk=iphoneos*]" = "iPhone Developer";
				DEVELOPMENT_TEAM = UXCKT8F5JN;
				INFOPLIST_FILE = BeeTee/Info.plist;
				LD_RUNPATH_SEARCH_PATHS = "$(inherited) @executable_path/Frameworks";
				OTHER_LDFLAGS = (
					"-ObjC",
					"$(inherited)",
				);
				PRODUCT_BUNDLE_IDENTIFIER = de.michaeldorner.BeeTee;
				PRODUCT_NAME = "$(TARGET_NAME)";
				SWIFT_OBJC_BRIDGING_HEADER = "BeeTee/BeeTee-Bridging-Header.h";
				SWIFT_VERSION = 3.0;
			};
			name = Release;
		};
		5F24090F1E0C0134004AF90F /* Debug */ = {
			isa = XCBuildConfiguration;
			buildSettings = {
				ALWAYS_EMBED_SWIFT_STANDARD_LIBRARIES = YES;
				BUNDLE_LOADER = "$(TEST_HOST)";
				INFOPLIST_FILE = BeeTeeTests/Info.plist;
				LD_RUNPATH_SEARCH_PATHS = "$(inherited) @executable_path/Frameworks @loader_path/Frameworks";
				PRODUCT_BUNDLE_IDENTIFIER = de.michaeldorner.BeeTeeTests;
				PRODUCT_NAME = "$(TARGET_NAME)";
				SWIFT_VERSION = 3.0;
				TEST_HOST = "$(BUILT_PRODUCTS_DIR)/BeeTee.app/BeeTee";
			};
			name = Debug;
		};
		5F2409101E0C0134004AF90F /* Release */ = {
			isa = XCBuildConfiguration;
			buildSettings = {
				ALWAYS_EMBED_SWIFT_STANDARD_LIBRARIES = YES;
				BUNDLE_LOADER = "$(TEST_HOST)";
				INFOPLIST_FILE = BeeTeeTests/Info.plist;
				LD_RUNPATH_SEARCH_PATHS = "$(inherited) @executable_path/Frameworks @loader_path/Frameworks";
				PRODUCT_BUNDLE_IDENTIFIER = de.michaeldorner.BeeTeeTests;
				PRODUCT_NAME = "$(TARGET_NAME)";
				SWIFT_VERSION = 3.0;
				TEST_HOST = "$(BUILT_PRODUCTS_DIR)/BeeTee.app/BeeTee";
			};
			name = Release;
		};
/* End XCBuildConfiguration section */

/* Begin XCConfigurationList section */
		5F2408E91E0C0134004AF90F /* Build configuration list for PBXProject "BeeTee" */ = {
			isa = XCConfigurationList;
			buildConfigurations = (
				5F2409091E0C0134004AF90F /* Debug */,
				5F24090A1E0C0134004AF90F /* Release */,
			);
			defaultConfigurationIsVisible = 0;
			defaultConfigurationName = Release;
		};
		5F24090B1E0C0134004AF90F /* Build configuration list for PBXNativeTarget "BeeTee" */ = {
			isa = XCConfigurationList;
			buildConfigurations = (
				5F24090C1E0C0134004AF90F /* Debug */,
				5F24090D1E0C0134004AF90F /* Release */,
			);
			defaultConfigurationIsVisible = 0;
			defaultConfigurationName = Release;
		};
		5F24090E1E0C0134004AF90F /* Build configuration list for PBXNativeTarget "BeeTeeTests" */ = {
			isa = XCConfigurationList;
			buildConfigurations = (
				5F24090F1E0C0134004AF90F /* Debug */,
				5F2409101E0C0134004AF90F /* Release */,
			);
			defaultConfigurationIsVisible = 0;
			defaultConfigurationName = Release;
		};
/* End XCConfigurationList section */
	};
	rootObject = 5F2408E61E0C0134004AF90F /* Project object */;
}
